
Microsoft Visual Studio Solution File, Format Version 12.00
# Visual Studio Version 16
VisualStudioVersion = 16.0.31702.278
MinimumVisualStudioVersion = 10.0.40219.1
Project("{8BC9CEB8-8B4A-11D0-8D11-00A0C91BC942}") = "ex0927App", "ex0927App\ex0927App.vcxproj", "{6897BFA9-966F-4A58-86C2-7AEC54946241}"
EndProject
Global
	GlobalSection(SolutionConfigurationPlatforms) = preSolution
		Debug|x64 = Debug|x64
		Debug|x86 = Debug|x86
		Release|x64 = Release|x64
		Release|x86 = Release|x86
	EndGlobalSection
	GlobalSection(ProjectConfigurationPlatforms) = postSolution
		{6897BFA9-966F-4A58-86C2-7AEC54946241}.Debug|x64.ActiveCfg = Debug|x64
		{6897BFA9-966F-4A58-86C2-7AEC54946241}.Debug|x64.Build.0 = Debug|x64
		{6897BFA9-966F-4A58-86C2-7AEC54946241}.Debug|x86.ActiveCfg = Debug|Win32
		{6897BFA9-966F-4A58-86C2-7AEC54946241}.Debug|x86.Build.0 = Debug|Win32
		{6897BFA9-966F-4A58-86C2-7AEC54946241}.Release|x64.ActiveCfg = Release|x64
		{6897BFA9-966F-4A58-86C2-7AEC54946241}.Release|x64.Build.0 = Release|x64
		{6897BFA9-966F-4A58-86C2-7AEC54946241}.Release|x86.ActiveCfg = Release|Win32
		{6897BFA9-966F-4A58-86C2-7AEC54946241}.Release|x86.Build.0 = Release|Win32
	EndGlobalSection
	GlobalSection(SolutionProperties) = preSolution
		HideSolutionNode = FALSE
	EndGlobalSection
	GlobalSection(ExtensibilityGlobals) = postSolution
		SolutionGuid = {A2FDA2F4-3C9D-4F23-9E84-2DBF271712CA}
	EndGlobalSection
EndGlobal
